// !$*UTF8*$!
{
	archiveVersion = 1;
	classes = {
	};
	objectVersion = 48;
	objects = {

/* Begin PBXBuildFile section */
		E26B463720745239001BD80C /* AppDelegate.swift in Sources */ = {isa = PBXBuildFile; fileRef = E26B463620745239001BD80C /* AppDelegate.swift */; };
		E26B463920745239001BD80C /* ViewController.swift in Sources */ = {isa = PBXBuildFile; fileRef = E26B463820745239001BD80C /* ViewController.swift */; };
		E26B463C20745239001BD80C /* Main.storyboard in Resources */ = {isa = PBXBuildFile; fileRef = E26B463A20745239001BD80C /* Main.storyboard */; };
		E26B463E20745239001BD80C /* Assets.xcassets in Resources */ = {isa = PBXBuildFile; fileRef = E26B463D20745239001BD80C /* Assets.xcassets */; };
		E26B464120745239001BD80C /* LaunchScreen.storyboard in Resources */ = {isa = PBXBuildFile; fileRef = E26B463F20745239001BD80C /* LaunchScreen.storyboard */; };
		E26B464C20745239001BD80C /* StarRatingExampleTests.swift in Sources */ = {isa = PBXBuildFile; fileRef = E26B464B20745239001BD80C /* StarRatingExampleTests.swift */; };
		E26B465720745239001BD80C /* StarRatingExampleUITests.swift in Sources */ = {isa = PBXBuildFile; fileRef = E26B465620745239001BD80C /* StarRatingExampleUITests.swift */; };
		E26B46712074543D001BD80C /* StarRating.framework in Frameworks */ = {isa = PBXBuildFile; fileRef = E26B46722074543D001BD80C /* StarRating.framework */; };
		E26B46742074548A001BD80C /* StarRating.framework in Frameworks */ = {isa = PBXBuildFile; fileRef = E26B46732074548A001BD80C /* StarRating.framework */; };
		E26B46752074548A001BD80C /* StarRating.framework in Embed Frameworks */ = {isa = PBXBuildFile; fileRef = E26B46732074548A001BD80C /* StarRating.framework */; settings = {ATTRIBUTES = (CodeSignOnCopy, RemoveHeadersOnCopy, ); }; };
/* End PBXBuildFile section */

/* Begin PBXContainerItemProxy section */
		E26B464820745239001BD80C /* PBXContainerItemProxy */ = {
			isa = PBXContainerItemProxy;
			containerPortal = E26B462B20745238001BD80C /* Project object */;
			proxyType = 1;
			remoteGlobalIDString = E26B463220745238001BD80C;
			remoteInfo = StarRatingExample;
		};
		E26B465320745239001BD80C /* PBXContainerItemProxy */ = {
			isa = PBXContainerItemProxy;
			containerPortal = E26B462B20745238001BD80C /* Project object */;
			proxyType = 1;
			remoteGlobalIDString = E26B463220745238001BD80C;
			remoteInfo = StarRatingExample;
		};
/* End PBXContainerItemProxy section */

/* Begin PBXCopyFilesBuildPhase section */
		E26B46762074548A001BD80C /* Embed Frameworks */ = {
			isa = PBXCopyFilesBuildPhase;
			buildActionMask = 2147483647;
			dstPath = "";
			dstSubfolderSpec = 10;
			files = (
				E26B46752074548A001BD80C /* StarRating.framework in Embed Frameworks */,
			);
			name = "Embed Frameworks";
			runOnlyForDeploymentPostprocessing = 0;
		};
/* End PBXCopyFilesBuildPhase section */

/* Begin PBXFileReference section */
		E26B463320745238001BD80C /* StarRatingExample.app */ = {isa = PBXFileReference; explicitFileType = wrapper.application; includeInIndex = 0; path = StarRatingExample.app; sourceTree = BUILT_PRODUCTS_DIR; };
		E26B463620745239001BD80C /* AppDelegate.swift */ = {isa = PBXFileReference; lastKnownFileType = sourcecode.swift; path = AppDelegate.swift; sourceTree = "<group>"; };
		E26B463820745239001BD80C /* ViewController.swift */ = {isa = PBXFileReference; lastKnownFileType = sourcecode.swift; path = ViewController.swift; sourceTree = "<group>"; };
		E26B463B20745239001BD80C /* Base */ = {isa = PBXFileReference; lastKnownFileType = file.storyboard; name = Base; path = Base.lproj/Main.storyboard; sourceTree = "<group>"; };
		E26B463D20745239001BD80C /* Assets.xcassets */ = {isa = PBXFileReference; lastKnownFileType = folder.assetcatalog; path = Assets.xcassets; sourceTree = "<group>"; };
		E26B464020745239001BD80C /* Base */ = {isa = PBXFileReference; lastKnownFileType = file.storyboard; name = Base; path = Base.lproj/LaunchScreen.storyboard; sourceTree = "<group>"; };
		E26B464220745239001BD80C /* Info.plist */ = {isa = PBXFileReference; lastKnownFileType = text.plist.xml; path = Info.plist; sourceTree = "<group>"; };
		E26B464720745239001BD80C /* StarRatingExampleTests.xctest */ = {isa = PBXFileReference; explicitFileType = wrapper.cfbundle; includeInIndex = 0; path = StarRatingExampleTests.xctest; sourceTree = BUILT_PRODUCTS_DIR; };
		E26B464B20745239001BD80C /* StarRatingExampleTests.swift */ = {isa = PBXFileReference; lastKnownFileType = sourcecode.swift; path = StarRatingExampleTests.swift; sourceTree = "<group>"; };
		E26B464D20745239001BD80C /* Info.plist */ = {isa = PBXFileReference; lastKnownFileType = text.plist.xml; path = Info.plist; sourceTree = "<group>"; };
		E26B465220745239001BD80C /* StarRatingExampleUITests.xctest */ = {isa = PBXFileReference; explicitFileType = wrapper.cfbundle; includeInIndex = 0; path = StarRatingExampleUITests.xctest; sourceTree = BUILT_PRODUCTS_DIR; };
		E26B465620745239001BD80C /* StarRatingExampleUITests.swift */ = {isa = PBXFileReference; lastKnownFileType = sourcecode.swift; path = StarRatingExampleUITests.swift; sourceTree = "<group>"; };
		E26B465820745239001BD80C /* Info.plist */ = {isa = PBXFileReference; lastKnownFileType = text.plist.xml; path = Info.plist; sourceTree = "<group>"; };
		E26B46722074543D001BD80C /* StarRating.framework */ = {isa = PBXFileReference; explicitFileType = wrapper.framework; path = StarRating.framework; sourceTree = BUILT_PRODUCTS_DIR; };
		E26B46732074548A001BD80C /* StarRating.framework */ = {isa = PBXFileReference; explicitFileType = wrapper.framework; path = StarRating.framework; sourceTree = BUILT_PRODUCTS_DIR; };
/* End PBXFileReference section */

/* Begin PBXFrameworksBuildPhase section */
		E26B463020745238001BD80C /* Frameworks */ = {
			isa = PBXFrameworksBuildPhase;
			buildActionMask = 2147483647;
			files = (
				E26B46712074543D001BD80C /* StarRating.framework in Frameworks */,
				E26B46742074548A001BD80C /* StarRating.framework in Frameworks */,
			);
			runOnlyForDeploymentPostprocessing = 0;
		};
		E26B464420745239001BD80C /* Frameworks */ = {
			isa = PBXFrameworksBuildPhase;
			buildActionMask = 2147483647;
			files = (
			);
			runOnlyForDeploymentPostprocessing = 0;
		};
		E26B464F20745239001BD80C /* Frameworks */ = {
			isa = PBXFrameworksBuildPhase;
			buildActionMask = 2147483647;
			files = (
			);
			runOnlyForDeploymentPostprocessing = 0;
		};
/* End PBXFrameworksBuildPhase section */

/* Begin PBXGroup section */
		E26B462A20745238001BD80C = {
			isa = PBXGroup;
			children = (
				E26B46732074548A001BD80C /* StarRating.framework */,
				E26B463520745238001BD80C /* StarRatingExample */,
				E26B464A20745239001BD80C /* StarRatingExampleTests */,
				E26B465520745239001BD80C /* StarRatingExampleUITests */,
				E26B463420745238001BD80C /* Products */,
				E26B46702074543D001BD80C /* Frameworks */,
			);
			sourceTree = "<group>";
		};
		E26B463420745238001BD80C /* Products */ = {
			isa = PBXGroup;
			children = (
				E26B463320745238001BD80C /* StarRatingExample.app */,
				E26B464720745239001BD80C /* StarRatingExampleTests.xctest */,
				E26B465220745239001BD80C /* StarRatingExampleUITests.xctest */,
			);
			name = Products;
			sourceTree = "<group>";
		};
		E26B463520745238001BD80C /* StarRatingExample */ = {
			isa = PBXGroup;
			children = (
				E26B463620745239001BD80C /* AppDelegate.swift */,
				E26B463820745239001BD80C /* ViewController.swift */,
				E26B463A20745239001BD80C /* Main.storyboard */,
				E26B463D20745239001BD80C /* Assets.xcassets */,
				E26B463F20745239001BD80C /* LaunchScreen.storyboard */,
				E26B464220745239001BD80C /* Info.plist */,
			);
			path = StarRatingExample;
			sourceTree = "<group>";
		};
		E26B464A20745239001BD80C /* StarRatingExampleTests */ = {
			isa = PBXGroup;
			children = (
				E26B464B20745239001BD80C /* StarRatingExampleTests.swift */,
				E26B464D20745239001BD80C /* Info.plist */,
			);
			path = StarRatingExampleTests;
			sourceTree = "<group>";
		};
		E26B465520745239001BD80C /* StarRatingExampleUITests */ = {
			isa = PBXGroup;
			children = (
				E26B465620745239001BD80C /* StarRatingExampleUITests.swift */,
				E26B465820745239001BD80C /* Info.plist */,
			);
			path = StarRatingExampleUITests;
			sourceTree = "<group>";
		};
		E26B46702074543D001BD80C /* Frameworks */ = {
			isa = PBXGroup;
			children = (
				E26B46722074543D001BD80C /* StarRating.framework */,
			);
			name = Frameworks;
			sourceTree = "<group>";
		};
/* End PBXGroup section */

/* Begin PBXNativeTarget section */
		E26B463220745238001BD80C /* StarRatingExample */ = {
			isa = PBXNativeTarget;
			buildConfigurationList = E26B465B20745239001BD80C /* Build configuration list for PBXNativeTarget "StarRatingExample" */;
			buildPhases = (
				E26B462F20745238001BD80C /* Sources */,
				E26B463020745238001BD80C /* Frameworks */,
				E26B463120745238001BD80C /* Resources */,
				E26B46762074548A001BD80C /* Embed Frameworks */,
			);
			buildRules = (
			);
			dependencies = (
			);
			name = StarRatingExample;
			productName = StarRatingExample;
			productReference = E26B463320745238001BD80C /* StarRatingExample.app */;
			productType = "com.apple.product-type.application";
		};
		E26B464620745239001BD80C /* StarRatingExampleTests */ = {
			isa = PBXNativeTarget;
			buildConfigurationList = E26B465E20745239001BD80C /* Build configuration list for PBXNativeTarget "StarRatingExampleTests" */;
			buildPhases = (
				E26B464320745239001BD80C /* Sources */,
				E26B464420745239001BD80C /* Frameworks */,
				E26B464520745239001BD80C /* Resources */,
			);
			buildRules = (
			);
			dependencies = (
				E26B464920745239001BD80C /* PBXTargetDependency */,
			);
			name = StarRatingExampleTests;
			productName = StarRatingExampleTests;
			productReference = E26B464720745239001BD80C /* StarRatingExampleTests.xctest */;
			productType = "com.apple.product-type.bundle.unit-test";
		};
		E26B465120745239001BD80C /* StarRatingExampleUITests */ = {
			isa = PBXNativeTarget;
			buildConfigurationList = E26B466120745239001BD80C /* Build configuration list for PBXNativeTarget "StarRatingExampleUITests" */;
			buildPhases = (
				E26B464E20745239001BD80C /* Sources */,
				E26B464F20745239001BD80C /* Frameworks */,
				E26B465020745239001BD80C /* Resources */,
			);
			buildRules = (
			);
			dependencies = (
				E26B465420745239001BD80C /* PBXTargetDependency */,
			);
			name = StarRatingExampleUITests;
			productName = StarRatingExampleUITests;
			productReference = E26B465220745239001BD80C /* StarRatingExampleUITests.xctest */;
			productType = "com.apple.product-type.bundle.ui-testing";
		};
/* End PBXNativeTarget section */

/* Begin PBXProject section */
		E26B462B20745238001BD80C /* Project object */ = {
			isa = PBXProject;
			attributes = {
				LastSwiftUpdateCheck = 0920;
				LastUpgradeCheck = 0920;
				ORGANIZATIONNAME = "Vivek Gupta";
				TargetAttributes = {
					E26B463220745238001BD80C = {
						CreatedOnToolsVersion = 9.2;
						ProvisioningStyle = Automatic;
					};
					E26B464620745239001BD80C = {
						CreatedOnToolsVersion = 9.2;
						ProvisioningStyle = Automatic;
						TestTargetID = E26B463220745238001BD80C;
					};
					E26B465120745239001BD80C = {
						CreatedOnToolsVersion = 9.2;
						ProvisioningStyle = Automatic;
						TestTargetID = E26B463220745238001BD80C;
					};
				};
			};
			buildConfigurationList = E26B462E20745238001BD80C /* Build configuration list for PBXProject "StarRatingExample" */;
			compatibilityVersion = "Xcode 8.0";
			developmentRegion = en;
			hasScannedForEncodings = 0;
			knownRegions = (
				en,
				Base,
			);
			mainGroup = E26B462A20745238001BD80C;
			productRefGroup = E26B463420745238001BD80C /* Products */;
			projectDirPath = "";
			projectRoot = "";
			targets = (
				E26B463220745238001BD80C /* StarRatingExample */,
				E26B464620745239001BD80C /* StarRatingExampleTests */,
				E26B465120745239001BD80C /* StarRatingExampleUITests */,
			);
		};
/* End PBXProject section */

/* Begin PBXResourcesBuildPhase section */
		E26B463120745238001BD80C /* Resources */ = {
			isa = PBXResourcesBuildPhase;
			buildActionMask = 2147483647;
			files = (
				E26B464120745239001BD80C /* LaunchScreen.storyboard in Resources */,
				E26B463E20745239001BD80C /* Assets.xcassets in Resources */,
				E26B463C20745239001BD80C /* Main.storyboard in Resources */,
			);
			runOnlyForDeploymentPostprocessing = 0;
		};
		E26B464520745239001BD80C /* Resources */ = {
			isa = PBXResourcesBuildPhase;
			buildActionMask = 2147483647;
			files = (
			);
			runOnlyForDeploymentPostprocessing = 0;
		};
		E26B465020745239001BD80C /* Resources */ = {
			isa = PBXResourcesBuildPhase;
			buildActionMask = 2147483647;
			files = (
			);
			runOnlyForDeploymentPostprocessing = 0;
		};
/* End PBXResourcesBuildPhase section */

/* Begin PBXSourcesBuildPhase section */
		E26B462F20745238001BD80C /* Sources */ = {
			isa = PBXSourcesBuildPhase;
			buildActionMask = 2147483647;
			files = (
				E26B463920745239001BD80C /* ViewController.swift in Sources */,
				E26B463720745239001BD80C /* AppDelegate.swift in Sources */,
			);
			runOnlyForDeploymentPostprocessing = 0;
		};
		E26B464320745239001BD80C /* Sources */ = {
			isa = PBXSourcesBuildPhase;
			buildActionMask = 2147483647;
			files = (
				E26B464C20745239001BD80C /* StarRatingExampleTests.swift in Sources */,
			);
			runOnlyForDeploymentPostprocessing = 0;
		};
		E26B464E20745239001BD80C /* Sources */ = {
			isa = PBXSourcesBuildPhase;
			buildActionMask = 2147483647;
			files = (
				E26B465720745239001BD80C /* StarRatingExampleUITests.swift in Sources */,
			);
			runOnlyForDeploymentPostprocessing = 0;
		};
/* End PBXSourcesBuildPhase section */

/* Begin PBXTargetDependency section */
		E26B464920745239001BD80C /* PBXTargetDependency */ = {
			isa = PBXTargetDependency;
			target = E26B463220745238001BD80C /* StarRatingExample */;
			targetProxy = E26B464820745239001BD80C /* PBXContainerItemProxy */;
		};
		E26B465420745239001BD80C /* PBXTargetDependency */ = {
			isa = PBXTargetDependency;
			target = E26B463220745238001BD80C /* StarRatingExample */;
			targetProxy = E26B465320745239001BD80C /* PBXContainerItemProxy */;
		};
/* End PBXTargetDependency section */

/* Begin PBXVariantGroup section */
		E26B463A20745239001BD80C /* Main.storyboard */ = {
			isa = PBXVariantGroup;
			children = (
				E26B463B20745239001BD80C /* Base */,
			);
			name = Main.storyboard;
			sourceTree = "<group>";
		};
		E26B463F20745239001BD80C /* LaunchScreen.storyboard */ = {
			isa = PBXVariantGroup;
			children = (
				E26B464020745239001BD80C /* Base */,
			);
			name = LaunchScreen.storyboard;
			sourceTree = "<group>";
		};
/* End PBXVariantGroup section */

/* Begin XCBuildConfiguration section */
		E26B465920745239001BD80C /* Debug */ = {
			isa = XCBuildConfiguration;
			buildSettings = {
				ALWAYS_SEARCH_USER_PATHS = NO;
				CLANG_ANALYZER_NONNULL = YES;
				CLANG_ANALYZER_NUMBER_OBJECT_CONVERSION = YES_AGGRESSIVE;
				CLANG_CXX_LANGUAGE_STANDARD = "gnu++14";
				CLANG_CXX_LIBRARY = "libc++";
				CLANG_ENABLE_MODULES = YES;
				CLANG_ENABLE_OBJC_ARC = YES;
				CLANG_WARN_BLOCK_CAPTURE_AUTORELEASING = YES;
				CLANG_WARN_BOOL_CONVERSION = YES;
				CLANG_WARN_COMMA = YES;
				CLANG_WARN_CONSTANT_CONVERSION = YES;
				CLANG_WARN_DIRECT_OBJC_ISA_USAGE = YES_ERROR;
				CLANG_WARN_DOCUMENTATION_COMMENTS = YES;
				CLANG_WARN_EMPTY_BODY = YES;
				CLANG_WARN_ENUM_CONVERSION = YES;
				CLANG_WARN_INFINITE_RECURSION = YES;
				CLANG_WARN_INT_CONVERSION = YES;
				CLANG_WARN_NON_LITERAL_NULL_CONVERSION = YES;
				CLANG_WARN_OBJC_LITERAL_CONVERSION = YES;
				CLANG_WARN_OBJC_ROOT_CLASS = YES_ERROR;
				CLANG_WARN_RANGE_LOOP_ANALYSIS = YES;
				CLANG_WARN_STRICT_PROTOTYPES = YES;
				CLANG_WARN_SUSPICIOUS_MOVE = YES;
				CLANG_WARN_UNGUARDED_AVAILABILITY = YES_AGGRESSIVE;
				CLANG_WARN_UNREACHABLE_CODE = YES;
				CLANG_WARN__DUPLICATE_METHOD_MATCH = YES;
				CODE_SIGN_IDENTITY = "iPhone Developer";
				COPY_PHASE_STRIP = NO;
				DEBUG_INFORMATION_FORMAT = dwarf;
				ENABLE_STRICT_OBJC_MSGSEND = YES;
				ENABLE_TESTABILITY = YES;
				GCC_C_LANGUAGE_STANDARD = gnu11;
				GCC_DYNAMIC_NO_PIC = NO;
				GCC_NO_COMMON_BLOCKS = YES;
				GCC_OPTIMIZATION_LEVEL = 0;
				GCC_PREPROCESSOR_DEFINITIONS = (
					"DEBUG=1",
					"$(inherited)",
				);
				GCC_WARN_64_TO_32_BIT_CONVERSION = YES;
				GCC_WARN_ABOUT_RETURN_TYPE = YES_ERROR;
				GCC_WARN_UNDECLARED_SELECTOR = YES;
				GCC_WARN_UNINITIALIZED_AUTOS = YES_AGGRESSIVE;
				GCC_WARN_UNUSED_FUNCTION = YES;
				GCC_WARN_UNUSED_VARIABLE = YES;
				IPHONEOS_DEPLOYMENT_TARGET = 11.2;
				MTL_ENABLE_DEBUG_INFO = YES;
				ONLY_ACTIVE_ARCH = YES;
				SDKROOT = iphoneos;
				SWIFT_ACTIVE_COMPILATION_CONDITIONS = DEBUG;
				SWIFT_OPTIMIZATION_LEVEL = "-Onone";
			};
			name = Debug;
		};
		E26B465A20745239001BD80C /* Release */ = {
			isa = XCBuildConfiguration;
			buildSettings = {
				ALWAYS_SEARCH_USER_PATHS = NO;
				CLANG_ANALYZER_NONNULL = YES;
				CLANG_ANALYZER_NUMBER_OBJECT_CONVERSION = YES_AGGRESSIVE;
				CLANG_CXX_LANGUAGE_STANDARD = "gnu++14";
				CLANG_CXX_LIBRARY = "libc++";
				CLANG_ENABLE_MODULES = YES;
				CLANG_ENABLE_OBJC_ARC = YES;
				CLANG_WARN_BLOCK_CAPTURE_AUTORELEASING = YES;
				CLANG_WARN_BOOL_CONVERSION = YES;
				CLANG_WARN_COMMA = YES;
				CLANG_WARN_CONSTANT_CONVERSION = YES;
				CLANG_WARN_DIRECT_OBJC_ISA_USAGE = YES_ERROR;
				CLANG_WARN_DOCUMENTATION_COMMENTS = YES;
				CLANG_WARN_EMPTY_BODY = YES;
				CLANG_WARN_ENUM_CONVERSION = YES;
				CLANG_WARN_INFINITE_RECURSION = YES;
				CLANG_WARN_INT_CONVERSION = YES;
				CLANG_WARN_NON_LITERAL_NULL_CONVERSION = YES;
				CLANG_WARN_OBJC_LITERAL_CONVERSION = YES;
				CLANG_WARN_OBJC_ROOT_CLASS = YES_ERROR;
				CLANG_WARN_RANGE_LOOP_ANALYSIS = YES;
				CLANG_WARN_STRICT_PROTOTYPES = YES;
				CLANG_WARN_SUSPICIOUS_MOVE = YES;
				CLANG_WARN_UNGUARDED_AVAILABILITY = YES_AGGRESSIVE;
				CLANG_WARN_UNREACHABLE_CODE = YES;
				CLANG_WARN__DUPLICATE_METHOD_MATCH = YES;
				CODE_SIGN_IDENTITY = "iPhone Developer";
				COPY_PHASE_STRIP = NO;
				DEBUG_INFORMATION_FORMAT = "dwarf-with-dsym";
				ENABLE_NS_ASSERTIONS = NO;
				ENABLE_STRICT_OBJC_MSGSEND = YES;
				GCC_C_LANGUAGE_STANDARD = gnu11;
				GCC_NO_COMMON_BLOCKS = YES;
				GCC_WARN_64_TO_32_BIT_CONVERSION = YES;
				GCC_WARN_ABOUT_RETURN_TYPE = YES_ERROR;
				GCC_WARN_UNDECLARED_SELECTOR = YES;
				GCC_WARN_UNINITIALIZED_AUTOS = YES_AGGRESSIVE;
				GCC_WARN_UNUSED_FUNCTION = YES;
				GCC_WARN_UNUSED_VARIABLE = YES;
				IPHONEOS_DEPLOYMENT_TARGET = 11.2;
				MTL_ENABLE_DEBUG_INFO = NO;
				SDKROOT = iphoneos;
				SWIFT_OPTIMIZATION_LEVEL = "-Owholemodule";
				VALIDATE_PRODUCT = YES;
			};
			name = Release;
		};
		E26B465C20745239001BD80C /* Debug */ = {
			isa = XCBuildConfiguration;
			buildSettings = {
				ASSETCATALOG_COMPILER_APPICON_NAME = AppIcon;
				CODE_SIGN_STYLE = Automatic;
				INFOPLIST_FILE = StarRatingExample/Info.plist;
				LD_RUNPATH_SEARCH_PATHS = "$(inherited) @executable_path/Frameworks";
				PRODUCT_BUNDLE_IDENTIFIER = com.vivek.StarRatingExample;
				PRODUCT_NAME = "$(TARGET_NAME)";
				SWIFT_VERSION = 4.0;
				TARGETED_DEVICE_FAMILY = "1,2";
			};
			name = Debug;
		};
		E26B465D20745239001BD80C /* Release */ = {
			isa = XCBuildConfiguration;
			buildSettings = {
				ASSETCATALOG_COMPILER_APPICON_NAME = AppIcon;
				CODE_SIGN_STYLE = Automatic;
				INFOPLIST_FILE = StarRatingExample/Info.plist;
				LD_RUNPATH_SEARCH_PATHS = "$(inherited) @executable_path/Frameworks";
				PRODUCT_BUNDLE_IDENTIFIER = com.vivek.StarRatingExample;
				PRODUCT_NAME = "$(TARGET_NAME)";
				SWIFT_VERSION = 4.0;
				TARGETED_DEVICE_FAMILY = "1,2";
			};
			name = Release;
		};
		E26B465F20745239001BD80C /* Debug */ = {
			isa = XCBuildConfiguration;
			buildSettings = {
				ALWAYS_EMBED_SWIFT_STANDARD_LIBRARIES = YES;
				BUNDLE_LOADER = "$(TEST_HOST)";
				CODE_SIGN_STYLE = Automatic;
				INFOPLIST_FILE = StarRatingExampleTests/Info.plist;
				LD_RUNPATH_SEARCH_PATHS = "$(inherited) @executable_path/Frameworks @loader_path/Frameworks";
				PRODUCT_BUNDLE_IDENTIFIER = com.vivek.StarRatingExampleTests;
				PRODUCT_NAME = "$(TARGET_NAME)";
				SWIFT_VERSION = 4.0;
				TARGETED_DEVICE_FAMILY = "1,2";
				TEST_HOST = "$(BUILT_PRODUCTS_DIR)/StarRatingExample.app/StarRatingExample";
			};
			name = Debug;
		};
		E26B466020745239001BD80C /* Release */ = {
			isa = XCBuildConfiguration;
			buildSettings = {
				ALWAYS_EMBED_SWIFT_STANDARD_LIBRARIES = YES;
				BUNDLE_LOADER = "$(TEST_HOST)";
				CODE_SIGN_STYLE = Automatic;
				INFOPLIST_FILE = StarRatingExampleTests/Info.plist;
				LD_RUNPATH_SEARCH_PATHS = "$(inherited) @executable_path/Frameworks @loader_path/Frameworks";
				PRODUCT_BUNDLE_IDENTIFIER = com.vivek.StarRatingExampleTests;
				PRODUCT_NAME = "$(TARGET_NAME)";
				SWIFT_VERSION = 4.0;
				TARGETED_DEVICE_FAMILY = "1,2";
				TEST_HOST = "$(BUILT_PRODUCTS_DIR)/StarRatingExample.app/StarRatingExample";
			};
			name = Release;
		};
		E26B466220745239001BD80C /* Debug */ = {
			isa = XCBuildConfiguration;
			buildSettings = {
				ALWAYS_EMBED_SWIFT_STANDARD_LIBRARIES = YES;
				CODE_SIGN_STYLE = Automatic;
				INFOPLIST_FILE = StarRatingExampleUITests/Info.plist;
				LD_RUNPATH_SEARCH_PATHS = "$(inherited) @executable_path/Frameworks @loader_path/Frameworks";
				PRODUCT_BUNDLE_IDENTIFIER = com.vivek.StarRatingExampleUITests;
				PRODUCT_NAME = "$(TARGET_NAME)";
				SWIFT_VERSION = 4.0;
				TARGETED_DEVICE_FAMILY = "1,2";
				TEST_TARGET_NAME = StarRatingExample;
			};
			name = Debug;
		};
		E26B466320745239001BD80C /* Release */ = {
			isa = XCBuildConfiguration;
			buildSettings = {
				ALWAYS_EMBED_SWIFT_STANDARD_LIBRARIES = YES;
				CODE_SIGN_STYLE = Automatic;
				INFOPLIST_FILE = StarRatingExampleUITests/Info.plist;
				LD_RUNPATH_SEARCH_PATHS = "$(inherited) @executable_path/Frameworks @loader_path/Frameworks";
				PRODUCT_BUNDLE_IDENTIFIER = com.vivek.StarRatingExampleUITests;
				PRODUCT_NAME = "$(TARGET_NAME)";
				SWIFT_VERSION = 4.0;
				TARGETED_DEVICE_FAMILY = "1,2";
				TEST_TARGET_NAME = StarRatingExample;
			};
			name = Release;
		};
/* End XCBuildConfiguration section */

/* Begin XCConfigurationList section */
		E26B462E20745238001BD80C /* Build configuration list for PBXProject "StarRatingExample" */ = {
			isa = XCConfigurationList;
			buildConfigurations = (
				E26B465920745239001BD80C /* Debug */,
				E26B465A20745239001BD80C /* Release */,
			);
			defaultConfigurationIsVisible = 0;
			defaultConfigurationName = Release;
		};
		E26B465B20745239001BD80C /* Build configuration list for PBXNativeTarget "StarRatingExample" */ = {
			isa = XCConfigurationList;
			buildConfigurations = (
				E26B465C20745239001BD80C /* Debug */,
				E26B465D20745239001BD80C /* Release */,
			);
			defaultConfigurationIsVisible = 0;
			defaultConfigurationName = Release;
		};
		E26B465E20745239001BD80C /* Build configuration list for PBXNativeTarget "StarRatingExampleTests" */ = {
			isa = XCConfigurationList;
			buildConfigurations = (
				E26B465F20745239001BD80C /* Debug */,
				E26B466020745239001BD80C /* Release */,
			);
			defaultConfigurationIsVisible = 0;
			defaultConfigurationName = Release;
		};
		E26B466120745239001BD80C /* Build configuration list for PBXNativeTarget "StarRatingExampleUITests" */ = {
			isa = XCConfigurationList;
			buildConfigurations = (
				E26B466220745239001BD80C /* Debug */,
				E26B466320745239001BD80C /* Release */,
			);
			defaultConfigurationIsVisible = 0;
			defaultConfigurationName = Release;
		};
/* End XCConfigurationList section */
	};
	rootObject = E26B462B20745238001BD80C /* Project object */;
}
