PODS:
  - StarRatingDraggable (1.0.2)

DEPENDENCIES:
  - StarRatingDraggable (from `../StarRatingFramework/StarRating`)

EXTERNAL SOURCES:
  StarRatingDraggable:
    :path: "../StarRatingFramework/StarRating"

SPEC CHECKSUMS:
  StarRatingDraggable: 5159eedfac8d6c3390b594f8669decb0919fe086

PODFILE CHECKSUM: db8bdb28cbafe926ad8c6c21ed29d1b9b39deb87

COCOAPODS: 1.5.0
