PODS:
  - StarRatingDraggable (1.0.3)

DEPENDENCIES:
  - StarRatingDraggable (from `../StarRatingFramework/StarRating`)

EXTERNAL SOURCES:
  StarRatingDraggable:
    :path: "../StarRatingFramework/StarRating"

SPEC CHECKSUMS:
  StarRatingDraggable: 9549d3e75b07ea198ed701bbf36f2463521d19fa

PODFILE CHECKSUM: db8bdb28cbafe926ad8c6c21ed29d1b9b39deb87

COCOAPODS: 1.5.0
